
Microsoft Visual Studio Solution File, Format Version 12.00
# Visual Studio Version 17
VisualStudioVersion = 17.7.34202.233
MinimumVisualStudioVersion = 10.0.40219.1
Project("{2150E333-8FDC-42A3-9474-1A3956D46DE8}") = "Src", "Src", "{0DB61BC0-7F1E-4EE6-9E01-B659F0B149A9}"
EndProject
Project("{FAE04EC0-301F-11D3-BF4B-00C04F79EFBC}") = "GuiStracini.Mandae", "Src\GuiStracini.Mandae\GuiStracini.Mandae.csproj", "{65627CAC-61B4-46BC-B49F-19AAE9810C99}"
EndProject
Project("{2150E333-8FDC-42A3-9474-1A3956D46DE8}") = "Tests", "Tests", "{E67F3469-6CDE-4334-8B29-9392AEB59C51}"
EndProject
Project("{FAE04EC0-301F-11D3-BF4B-00C04F79EFBC}") = "GuiStracini.Mandae.Tests", "Tests\GuiStracini.Mandae.Tests\GuiStracini.Mandae.Tests.csproj", "{5D773B62-CD30-4A62-AA52-AFCD6F1671ED}"
EndProject
Global
	GlobalSection(SolutionConfigurationPlatforms) = preSolution
		Debug|Any CPU = Debug|Any CPU
		Release|Any CPU = Release|Any CPU
	EndGlobalSection
	GlobalSection(ProjectConfigurationPlatforms) = postSolution
		{65627CAC-61B4-46BC-B49F-19AAE9810C99}.Debug|Any CPU.ActiveCfg = Debug|Any CPU
		{65627CAC-61B4-46BC-B49F-19AAE9810C99}.Debug|Any CPU.Build.0 = Debug|Any CPU
		{65627CAC-61B4-46BC-B49F-19AAE9810C99}.Release|Any CPU.ActiveCfg = Release|Any CPU
		{65627CAC-61B4-46BC-B49F-19AAE9810C99}.Release|Any CPU.Build.0 = Release|Any CPU
		{5D773B62-CD30-4A62-AA52-AFCD6F1671ED}.Debug|Any CPU.ActiveCfg = Debug|Any CPU
		{5D773B62-CD30-4A62-AA52-AFCD6F1671ED}.Debug|Any CPU.Build.0 = Debug|Any CPU
		{5D773B62-CD30-4A62-AA52-AFCD6F1671ED}.Release|Any CPU.ActiveCfg = Release|Any CPU
		{5D773B62-CD30-4A62-AA52-AFCD6F1671ED}.Release|Any CPU.Build.0 = Release|Any CPU
	EndGlobalSection
	GlobalSection(SolutionProperties) = preSolution
		HideSolutionNode = FALSE
	EndGlobalSection
	GlobalSection(NestedProjects) = preSolution
		{65627CAC-61B4-46BC-B49F-19AAE9810C99} = {0DB61BC0-7F1E-4EE6-9E01-B659F0B149A9}
		{5D773B62-CD30-4A62-AA52-AFCD6F1671ED} = {E67F3469-6CDE-4334-8B29-9392AEB59C51}
	EndGlobalSection
	GlobalSection(ExtensibilityGlobals) = postSolution
		SolutionGuid = {8195DBE4-A6CC-44BE-BD4D-A06166EF616C}
	EndGlobalSection
EndGlobal
