
Microsoft Visual Studio Solution File, Format Version 12.00
# Visual Studio 15
VisualStudioVersion = 15.0.27130.2010
MinimumVisualStudioVersion = 10.0.40219.1
Project("{FAE04EC0-301F-11D3-BF4B-00C04F79EFBC}") = "GuiStracini.Mandae", "GuiStracini.Mandae\GuiStracini.Mandae.csproj", "{D83AE6A7-43CE-4805-8BA7-9B6D1602CCA1}"
EndProject
Project("{FAE04EC0-301F-11D3-BF4B-00C04F79EFBC}") = "GuiStracini.Mandae.Test", "GuiStracini.Mandae.Tests\GuiStracini.Mandae.Test.csproj", "{D91F4051-B4C2-4BB0-9B90-685643DD3F63}"
EndProject
Project("{2150E333-8FDC-42A3-9474-1A3956D46DE8}") = "Solution Items", "Solution Items", "{B7164135-F036-4268-BED2-8FE87553DB1E}"
	ProjectSection(SolutionItems) = preProject
		README.md = README.md
	EndProjectSection
EndProject
Global
	GlobalSection(SolutionConfigurationPlatforms) = preSolution
		Debug|Any CPU = Debug|Any CPU
		Release|Any CPU = Release|Any CPU
	EndGlobalSection
	GlobalSection(ProjectConfigurationPlatforms) = postSolution
		{D83AE6A7-43CE-4805-8BA7-9B6D1602CCA1}.Debug|Any CPU.ActiveCfg = Debug|Any CPU
		{D83AE6A7-43CE-4805-8BA7-9B6D1602CCA1}.Debug|Any CPU.Build.0 = Debug|Any CPU
		{D83AE6A7-43CE-4805-8BA7-9B6D1602CCA1}.Release|Any CPU.ActiveCfg = Release|Any CPU
		{D83AE6A7-43CE-4805-8BA7-9B6D1602CCA1}.Release|Any CPU.Build.0 = Release|Any CPU
		{D91F4051-B4C2-4BB0-9B90-685643DD3F63}.Debug|Any CPU.ActiveCfg = Debug|Any CPU
		{D91F4051-B4C2-4BB0-9B90-685643DD3F63}.Debug|Any CPU.Build.0 = Debug|Any CPU
		{D91F4051-B4C2-4BB0-9B90-685643DD3F63}.Release|Any CPU.ActiveCfg = Release|Any CPU
		{D91F4051-B4C2-4BB0-9B90-685643DD3F63}.Release|Any CPU.Build.0 = Release|Any CPU
	EndGlobalSection
	GlobalSection(SolutionProperties) = preSolution
		HideSolutionNode = FALSE
	EndGlobalSection
	GlobalSection(ExtensibilityGlobals) = postSolution
		SolutionGuid = {3B80428A-0F5E-4E23-A826-9920B5B953DA}
	EndGlobalSection
EndGlobal
